
Microsoft Visual Studio Solution File, Format Version 12.00
# Visual Studio 2013
VisualStudioVersion = 12.0.21005.1
MinimumVisualStudioVersion = 10.0.40219.1
Project("{FAE04EC0-301F-11D3-BF4B-00C04F79EFBC}") = "BMI", "BMI\BMI.csproj", "{66F69650-4363-419E-99E2-51AB82282D08}"
EndProject
Project("{FAE04EC0-301F-11D3-BF4B-00C04F79EFBC}") = "Move", "Move\Move.csproj", "{599D525E-D1C5-42E9-8884-A4B321998BFE}"
EndProject
Global
	GlobalSection(SolutionConfigurationPlatforms) = preSolution
		Debug|Any CPU = Debug|Any CPU
		Release|Any CPU = Release|Any CPU
	EndGlobalSection
	GlobalSection(ProjectConfigurationPlatforms) = postSolution
		{66F69650-4363-419E-99E2-51AB82282D08}.Debug|Any CPU.ActiveCfg = Debug|Any CPU
		{66F69650-4363-419E-99E2-51AB82282D08}.Debug|Any CPU.Build.0 = Debug|Any CPU
		{66F69650-4363-419E-99E2-51AB82282D08}.Release|Any CPU.ActiveCfg = Release|Any CPU
		{66F69650-4363-419E-99E2-51AB82282D08}.Release|Any CPU.Build.0 = Release|Any CPU
		{599D525E-D1C5-42E9-8884-A4B321998BFE}.Debug|Any CPU.ActiveCfg = Debug|Any CPU
		{599D525E-D1C5-42E9-8884-A4B321998BFE}.Debug|Any CPU.Build.0 = Debug|Any CPU
		{599D525E-D1C5-42E9-8884-A4B321998BFE}.Release|Any CPU.ActiveCfg = Release|Any CPU
		{599D525E-D1C5-42E9-8884-A4B321998BFE}.Release|Any CPU.Build.0 = Release|Any CPU
	EndGlobalSection
	GlobalSection(SolutionProperties) = preSolution
		HideSolutionNode = FALSE
	EndGlobalSection
EndGlobal
